
Microsoft Visual Studio Solution File, Format Version 12.00
# Visual Studio 2012
Project("{888888A0-9F3D-457C-B088-3A5042F75D52}") = "awsswf.py", "awsswf.py.pyproj", "{104CC53F-57EF-4DEB-985B-06302F00BC68}"
EndProject
Global
	GlobalSection(SolutionConfigurationPlatforms) = preSolution
		Debug|Any CPU = Debug|Any CPU
		Release|Any CPU = Release|Any CPU
	EndGlobalSection
	GlobalSection(ProjectConfigurationPlatforms) = postSolution
		{104CC53F-57EF-4DEB-985B-06302F00BC68}.Debug|Any CPU.ActiveCfg = Debug|Any CPU
		{104CC53F-57EF-4DEB-985B-06302F00BC68}.Debug|Any CPU.Build.0 = Debug|Any CPU
		{104CC53F-57EF-4DEB-985B-06302F00BC68}.Release|Any CPU.ActiveCfg = Release|Any CPU
		{104CC53F-57EF-4DEB-985B-06302F00BC68}.Release|Any CPU.Build.0 = Release|Any CPU
	EndGlobalSection
	GlobalSection(SolutionProperties) = preSolution
		HideSolutionNode = FALSE
	EndGlobalSection
EndGlobal
